
Microsoft Visual Studio Solution File, Format Version 12.00
# Visual Studio Version 16
VisualStudioVersion = 16.0.29306.81
MinimumVisualStudioVersion = 10.0.40219.1
Project("{9092AA53-FB77-4645-B42D-1CCCA6BD08BD}") = "linebot", "linebot\linebot.njsproj", "{99B52B23-C3C6-47FD-A3DF-D9919BE72C5A}"
EndProject
Global
	GlobalSection(SolutionConfigurationPlatforms) = preSolution
		Debug|Any CPU = Debug|Any CPU
		Release|Any CPU = Release|Any CPU
	EndGlobalSection
	GlobalSection(ProjectConfigurationPlatforms) = postSolution
		{99B52B23-C3C6-47FD-A3DF-D9919BE72C5A}.Debug|Any CPU.ActiveCfg = Debug|Any CPU
		{99B52B23-C3C6-47FD-A3DF-D9919BE72C5A}.Debug|Any CPU.Build.0 = Debug|Any CPU
		{99B52B23-C3C6-47FD-A3DF-D9919BE72C5A}.Release|Any CPU.ActiveCfg = Release|Any CPU
		{99B52B23-C3C6-47FD-A3DF-D9919BE72C5A}.Release|Any CPU.Build.0 = Release|Any CPU
	EndGlobalSection
	GlobalSection(SolutionProperties) = preSolution
		HideSolutionNode = FALSE
	EndGlobalSection
	GlobalSection(ExtensibilityGlobals) = postSolution
		SolutionGuid = {3307AE51-0CAB-4DD9-B660-6B50824EAA9C}
	EndGlobalSection
EndGlobal
